
Microsoft Visual Studio Solution File, Format Version 12.00
# Visual Studio 15
Project("{FAE04EC0-301F-11D3-BF4B-00C04F79EFBC}") = "Assembly-CSharp", "Assembly-CSharp.csproj", "{B71CC89A-8139-EA4C-0408-BECEC905A55C}"
EndProject
Project("{FAE04EC0-301F-11D3-BF4B-00C04F79EFBC}") = "Assembly-CSharp-Editor", "Assembly-CSharp-Editor.csproj", "{83D3335E-2C13-476F-CD58-23EE406DC5CE}"
EndProject
Global
	GlobalSection(SolutionConfigurationPlatforms) = preSolution
		Debug|Any CPU = Debug|Any CPU
		Release|Any CPU = Release|Any CPU
	EndGlobalSection
	GlobalSection(ProjectConfigurationPlatforms) = postSolution
		{B71CC89A-8139-EA4C-0408-BECEC905A55C}.Debug|Any CPU.ActiveCfg = Debug|Any CPU
		{B71CC89A-8139-EA4C-0408-BECEC905A55C}.Debug|Any CPU.Build.0 = Debug|Any CPU
		{B71CC89A-8139-EA4C-0408-BECEC905A55C}.Release|Any CPU.ActiveCfg = Release|Any CPU
		{B71CC89A-8139-EA4C-0408-BECEC905A55C}.Release|Any CPU.Build.0 = Release|Any CPU
		{83D3335E-2C13-476F-CD58-23EE406DC5CE}.Debug|Any CPU.ActiveCfg = Debug|Any CPU
		{83D3335E-2C13-476F-CD58-23EE406DC5CE}.Debug|Any CPU.Build.0 = Debug|Any CPU
		{83D3335E-2C13-476F-CD58-23EE406DC5CE}.Release|Any CPU.ActiveCfg = Release|Any CPU
		{83D3335E-2C13-476F-CD58-23EE406DC5CE}.Release|Any CPU.Build.0 = Release|Any CPU
	EndGlobalSection
	GlobalSection(SolutionProperties) = preSolution
		HideSolutionNode = FALSE
	EndGlobalSection
EndGlobal
